
Microsoft Visual Studio Solution File, Format Version 12.00
Project("{FAE04EC0-301F-11D3-BF4B-00C04F79EFBC}") = "CertGerador", "CertGerador\CertGerador.csproj", "{AEF68527-20EE-469B-9925-02890C4A547D}"
EndProject
Global
	GlobalSection(SolutionConfigurationPlatforms) = preSolution
		Debug|Any CPU = Debug|Any CPU
		Release|Any CPU = Release|Any CPU
	EndGlobalSection
	GlobalSection(ProjectConfigurationPlatforms) = postSolution
		{AEF68527-20EE-469B-9925-02890C4A547D}.Debug|Any CPU.ActiveCfg = Debug|Any CPU
		{AEF68527-20EE-469B-9925-02890C4A547D}.Debug|Any CPU.Build.0 = Debug|Any CPU
		{AEF68527-20EE-469B-9925-02890C4A547D}.Release|Any CPU.ActiveCfg = Release|Any CPU
		{AEF68527-20EE-469B-9925-02890C4A547D}.Release|Any CPU.Build.0 = Release|Any CPU
	EndGlobalSection
EndGlobal
